github.com/chromedp/cdproto v0.157.6 h1:kwXl4pzaMMRahrjWb4dOwC0mGdv+Oxip4Bn8JitGTAg=
github.com/chromedp/cdproto v0.157.6/go.mod h1:scNPhJ/A4T8BVkyR5k2Uocvoju3iBRZS4cg3uMlxuMk=
github.com/chromedp/chromedp v0.19.1 h1:OAf0ukr4nC5LIwaYEWIv7JYXlpZIZt6ZSDsYXCdjGlc=
github.com/chromedp/chromedp v0.19.1/go.mod h1:4Rs9XtapAMgXxg0s1PpixyQHf37kdnSdu2ov5G4FsZ0=
github.com/sunshineplan/chrome v1.1.28 h1:XnI4x5/AFIn9vJAEFAA3TOj0iFHOj2AiJPVjI+P3rmQ=
github.com/sunshineplan/chrome v1.1.28/go.mod h1:AoR1V7aUrigjDdPBtMpRX8MggdDeWt/kmJ73xYs3djw=
github.com/sunshineplan/utils v0.1.86 h1:TiJTbK4sywK1pOE01lDxHrfb+ounWHQBebyTrIzM+8Y=
github.com/sunshineplan/utils v0.1.86/go.mod h1:K5M8sNh+F47+aHfABZIiFJHVhC2DhiNhGZ9SgBQPPdE=
