github.com/julienschmidt/httprouter v1.3.0 h1:U0609e9tgbseu3rBINet9P48AI/D3oJs4dN7jwJOQ1U=
github.com/julienschmidt/httprouter v1.3.0/go.mod h1:JR6WtHb+2LUe8TCKY3cZOxFyyO8IZAc4RVcycCCAKdM=
github.com/mattn/go-colorable v0.1.1 h1:G1f5SKeVxmagw/IyvzvtZE4Gybcc4Tr1tf7I8z0XgOg=
github.com/mattn/go-colorable v0.1.1/go.mod h1:FuOcm+DKB9mbwrcAfNl7/TZVBZ6rcnceauSikq3lYCQ=
github.com/mattn/go-isatty v0.0.5/go.mod h1:Iq45c/XA43vh69/j3iqttzPXn0bhXyGjM0Hdxcsrc5s=
github.com/mattn/go-isatty v0.0.17 h1:BTarxUcIeDqL27Mc+vyvdWYSL28zpIhv3RoTdsLMPng=
github.com/mattn/go-isatty v0.0.17/go.mod h1:kYGgaQfpe5nmfYZH+SKPsOc2e4SrIfOl2e/yFXSvRLM=
github.com/mgutz/ansi v0.0.0-20170206155736-9520e82c474b h1:j7+1HpAFS1zy5+Q4qx1fWh90gTKwiN4QCGoY9TWyyO4=
github.com/mgutz/ansi v0.0.0-20170206155736-9520e82c474b/go.mod h1:01TrycV0kFyexm33Z7vhZRXopbI8J3TDReVlkTgMUxE=
github.com/pschlump/AesCCM v0.0.0-20160925022350-c5df73b5834e h1:v6GZBihaCKW/m/q2pQnv/nBjY/pWK5HJxOKWxgKnNhI=
github.com/pschlump/AesCCM v0.0.0-20160925022350-c5df73b5834e/go.mod h1:FDUhhM5wdTLDY2DWO5fHC1oIRkayYOVwOJaNJyOBrmI=
github.com/pschlump/MiscLib v0.0.0-20171012162159-e4e6a3a34d5f h1:q5WYMdD0z0U+cgAxVQZ4Yx+LRoyMVC3hi+CTUlh6ql8=
github.com/pschlump/MiscLib v0.0.0-20171012162159-e4e6a3a34d5f/go.mod h1:5xTdUkCWL2ER+MgvBAgx7ShwN7ZPUY1RMqT3vnFjCdg=
github.com/pschlump/godebug v1.0.1 h1:oqIIpV3mY+0ZPOmRvEA4evu9NXbTXybr3q4NMv1MCKo=
github.com/pschlump/godebug v1.0.1/go.mod h1:2Xc0mMFygPm2NYRpRUDChvUjh+91oIxDPRB1OAL8XfE=
github.com/pschlump/json v0.0.0-20180316172947-0d2e6a308e08 h1:vlHZH1VS4Wt4C8Jk1y8C6UqnpT54RuKWkV8iRc9Bwp4=
github.com/pschlump/json v0.0.0-20180316172947-0d2e6a308e08/go.mod h1:MyeKNxcsYS/AaCqIp6DgPdaE/4NVH49OJVCnQsRoevI=
github.com/sunshineplan/cipher v1.0.4 h1:ZXvY1wqexr5uVQCYi5dRTiPFcHmsPwj4hR7GZLEw/uc=
github.com/sunshineplan/cipher v1.0.4/go.mod h1:OENrTLa23VKXHetbsBItaxcGja8cPH7p5u86f3cRvT8=
github.com/sunshineplan/database/mongodb v1.0.5 h1:+Mtcs8LjHaP00OOx0r0rf6/UinwMMWf1rnxcKNo0cc0=
github.com/sunshineplan/database/mongodb v1.0.5/go.mod h1:WlNbFgkQFkgkGORHk2/RsgT6ZJGwe0lLo65JYhWKPME=
github.com/sunshineplan/metadata v1.1.1 h1:nlufF4CnAgwenW/Esi4iK6uGVxval/PdtV6Wrza/Wic=
github.com/sunshineplan/metadata v1.1.1/go.mod h1:ENxneH9PDpQuw3IVJMu38rkfS1p+KVG4pddySkEEDSU=
github.com/sunshineplan/service v1.0.6 h1:83NxPW6JOKxtOCx+3goqHyTto2AYgJ4oQaz8gMCAzqU=
github.com/sunshineplan/service v1.0.6/go.mod h1:++97KQ1jLRdPFAcnWSTUzs6fd1qboaGMgbMaA7zh9Lc=
github.com/sunshineplan/utils v0.1.16 h1:jfGbVxl4EXxnYux3aETlStXJcALk7GcPW71SvVgmDSY=
github.com/sunshineplan/utils v0.1.16/go.mod h1:HfKwfZdb8gYzo451GrkSqdNQE6xVRtdLJ6gZV5XRaC4=
golang.org/x/crypto v0.0.0-20211108221036-ceb1ce70b4fa/go.mod h1:GvvjBRRGRdwPK5ydBHafDWAxML/pGHZbMvKqRZ5+Abc=
golang.org/x/crypto v0.5.0 h1:U/0M97KRkSFvyD/3FSmdP5W5swImpNgle/EHFhOsQPE=
golang.org/x/crypto v0.5.0/go.mod h1:NK/OQwhpMQP3MwtdjgLlYHnH9ebylxKWv3e0fK+mkQU=
golang.org/x/net v0.0.0-20210226172049-e18ecbb05110/go.mod h1:m0MpNAwzfU5UDzcl9v0D8zg8gWTRqZa9RBIspLL5mdg=
golang.org/x/sys v0.0.0-20190222072716-a9d3bda3a223/go.mod h1:STP8DvDyc/dI5b8T5hshtkjS+E42TnysNCUPdjciGhY=
golang.org/x/sys v0.0.0-20201119102817-f84b799fce68/go.mod h1:h1NjWce9XRLGQEsW7wpKNCjG9DtNlClVuFLEZdDNbEs=
golang.org/x/sys v0.0.0-20210615035016-665e8c7367d1/go.mod h1:oPkhp1MJrh7nUepCBck5+mAzfO9JrbApNNgaTdGDITg=
golang.org/x/sys v0.0.0-20220811171246-fbc7d0a398ab/go.mod h1:oPkhp1MJrh7nUepCBck5+mAzfO9JrbApNNgaTdGDITg=
golang.org/x/sys v0.4.0 h1:Zr2JFtRQNX3BCZ8YtxRE9hNJYC8J6I1MVbMg6owUp18=
golang.org/x/sys v0.4.0/go.mod h1:oPkhp1MJrh7nUepCBck5+mAzfO9JrbApNNgaTdGDITg=
golang.org/x/term v0.0.0-20201126162022-7de9c90e9dd1/go.mod h1:bj7SfCRtBDWHUb9snDiAeCFNEtKQo2Wmx5Cou7ajbmo=
golang.org/x/text v0.3.3/go.mod h1:5Zoc/QRtKVWzQhOtBMvqHzDpF6irO9z98xDceosuGiQ=
golang.org/x/tools v0.0.0-20180917221912-90fa682c2a6e/go.mod h1:n7NCudcB/nEzxVGmLbDWY5pfWTLqBcC2KZ6jyYvM4mQ=
